// !$*UTF8*$!
{
	archiveVersion = 1;
	classes = {
	};
	objectVersion = 46;
	objects = {

/* Begin PBXBuildFile section */
		7B4294F419A6982D004B6944 /* Foundation.framework in Frameworks */ = {isa = PBXBuildFile; fileRef = 7B4294F319A6982D004B6944 /* Foundation.framework */; };
		7B4294F619A6982D004B6944 /* CoreGraphics.framework in Frameworks */ = {isa = PBXBuildFile; fileRef = 7B4294F519A6982D004B6944 /* CoreGraphics.framework */; };
		7B4294F819A6982D004B6944 /* UIKit.framework in Frameworks */ = {isa = PBXBuildFile; fileRef = 7B4294F719A6982D004B6944 /* UIKit.framework */; };
		7B4294FE19A6982D004B6944 /* InfoPlist.strings in Resources */ = {isa = PBXBuildFile; fileRef = 7B4294FC19A6982D004B6944 /* InfoPlist.strings */; };
		7B42950019A6982D004B6944 /* main.m in Sources */ = {isa = PBXBuildFile; fileRef = 7B4294FF19A6982D004B6944 /* main.m */; };
		7B42950419A6982D004B6944 /* NWAppDelegate.m in Sources */ = {isa = PBXBuildFile; fileRef = 7B42950319A6982D004B6944 /* NWAppDelegate.m */; };
		7B42950719A6982D004B6944 /* Main.storyboard in Resources */ = {isa = PBXBuildFile; fileRef = 7B42950519A6982D004B6944 /* Main.storyboard */; };
		7B42950A19A6982D004B6944 /* NWViewController.m in Sources */ = {isa = PBXBuildFile; fileRef = 7B42950919A6982D004B6944 /* NWViewController.m */; };
		7B42950C19A6982D004B6944 /* Images.xcassets in Resources */ = {isa = PBXBuildFile; fileRef = 7B42950B19A6982D004B6944 /* Images.xcassets */; };
		7B42951319A6982D004B6944 /* XCTest.framework in Frameworks */ = {isa = PBXBuildFile; fileRef = 7B42951219A6982D004B6944 /* XCTest.framework */; };
		7B42951419A6982D004B6944 /* Foundation.framework in Frameworks */ = {isa = PBXBuildFile; fileRef = 7B4294F319A6982D004B6944 /* Foundation.framework */; };
		7B42951519A6982D004B6944 /* UIKit.framework in Frameworks */ = {isa = PBXBuildFile; fileRef = 7B4294F719A6982D004B6944 /* UIKit.framework */; };
		7B42951D19A6982D004B6944 /* InfoPlist.strings in Resources */ = {isa = PBXBuildFile; fileRef = 7B42951B19A6982D004B6944 /* InfoPlist.strings */; };
		7B42951F19A6982D004B6944 /* NuWeClientAppTests.m in Sources */ = {isa = PBXBuildFile; fileRef = 7B42951E19A6982D004B6944 /* NuWeClientAppTests.m */; };
/* End PBXBuildFile section */

/* Begin PBXContainerItemProxy section */
		7B42951619A6982D004B6944 /* PBXContainerItemProxy */ = {
			isa = PBXContainerItemProxy;
			containerPortal = 7B4294E819A6982D004B6944 /* Project object */;
			proxyType = 1;
			remoteGlobalIDString = 7B4294EF19A6982D004B6944;
			remoteInfo = NuWeClientApp;
		};
/* End PBXContainerItemProxy section */

/* Begin PBXFileReference section */
		7B4294F019A6982D004B6944 /* NuWeClientApp.app */ = {isa = PBXFileReference; explicitFileType = wrapper.application; includeInIndex = 0; path = NuWeClientApp.app; sourceTree = BUILT_PRODUCTS_DIR; };
		7B4294F319A6982D004B6944 /* Foundation.framework */ = {isa = PBXFileReference; lastKnownFileType = wrapper.framework; name = Foundation.framework; path = System/Library/Frameworks/Foundation.framework; sourceTree = SDKROOT; };
		7B4294F519A6982D004B6944 /* CoreGraphics.framework */ = {isa = PBXFileReference; lastKnownFileType = wrapper.framework; name = CoreGraphics.framework; path = System/Library/Frameworks/CoreGraphics.framework; sourceTree = SDKROOT; };
		7B4294F719A6982D004B6944 /* UIKit.framework */ = {isa = PBXFileReference; lastKnownFileType = wrapper.framework; name = UIKit.framework; path = System/Library/Frameworks/UIKit.framework; sourceTree = SDKROOT; };
		7B4294FB19A6982D004B6944 /* NuWeClientApp-Info.plist */ = {isa = PBXFileReference; lastKnownFileType = text.plist.xml; path = "NuWeClientApp-Info.plist"; sourceTree = "<group>"; };
		7B4294FD19A6982D004B6944 /* en */ = {isa = PBXFileReference; lastKnownFileType = text.plist.strings; name = en; path = en.lproj/InfoPlist.strings; sourceTree = "<group>"; };
		7B4294FF19A6982D004B6944 /* main.m */ = {isa = PBXFileReference; lastKnownFileType = sourcecode.c.objc; path = main.m; sourceTree = "<group>"; };
		7B42950119A6982D004B6944 /* NuWeClientApp-Prefix.pch */ = {isa = PBXFileReference; lastKnownFileType = sourcecode.c.h; path = "NuWeClientApp-Prefix.pch"; sourceTree = "<group>"; };
		7B42950219A6982D004B6944 /* NWAppDelegate.h */ = {isa = PBXFileReference; lastKnownFileType = sourcecode.c.h; path = NWAppDelegate.h; sourceTree = "<group>"; };
		7B42950319A6982D004B6944 /* NWAppDelegate.m */ = {isa = PBXFileReference; lastKnownFileType = sourcecode.c.objc; path = NWAppDelegate.m; sourceTree = "<group>"; };
		7B42950619A6982D004B6944 /* Base */ = {isa = PBXFileReference; lastKnownFileType = file.storyboard; name = Base; path = Base.lproj/Main.storyboard; sourceTree = "<group>"; };
		7B42950819A6982D004B6944 /* NWViewController.h */ = {isa = PBXFileReference; lastKnownFileType = sourcecode.c.h; path = NWViewController.h; sourceTree = "<group>"; };
		7B42950919A6982D004B6944 /* NWViewController.m */ = {isa = PBXFileReference; lastKnownFileType = sourcecode.c.objc; path = NWViewController.m; sourceTree = "<group>"; };
		7B42950B19A6982D004B6944 /* Images.xcassets */ = {isa = PBXFileReference; lastKnownFileType = folder.assetcatalog; path = Images.xcassets; sourceTree = "<group>"; };
		7B42951119A6982D004B6944 /* NuWeClientAppTests.xctest */ = {isa = PBXFileReference; explicitFileType = wrapper.cfbundle; includeInIndex = 0; path = NuWeClientAppTests.xctest; sourceTree = BUILT_PRODUCTS_DIR; };
		7B42951219A6982D004B6944 /* XCTest.framework */ = {isa = PBXFileReference; lastKnownFileType = wrapper.framework; name = XCTest.framework; path = Library/Frameworks/XCTest.framework; sourceTree = DEVELOPER_DIR; };
		7B42951A19A6982D004B6944 /* NuWeClientAppTests-Info.plist */ = {isa = PBXFileReference; lastKnownFileType = text.plist.xml; path = "NuWeClientAppTests-Info.plist"; sourceTree = "<group>"; };
		7B42951C19A6982D004B6944 /* en */ = {isa = PBXFileReference; lastKnownFileType = text.plist.strings; name = en; path = en.lproj/InfoPlist.strings; sourceTree = "<group>"; };
		7B42951E19A6982D004B6944 /* NuWeClientAppTests.m */ = {isa = PBXFileReference; lastKnownFileType = sourcecode.c.objc; path = NuWeClientAppTests.m; sourceTree = "<group>"; };
/* End PBXFileReference section */

/* Begin PBXFrameworksBuildPhase section */
		7B4294ED19A6982D004B6944 /* Frameworks */ = {
			isa = PBXFrameworksBuildPhase;
			buildActionMask = 2147483647;
			files = (
				7B4294F619A6982D004B6944 /* CoreGraphics.framework in Frameworks */,
				7B4294F819A6982D004B6944 /* UIKit.framework in Frameworks */,
				7B4294F419A6982D004B6944 /* Foundation.framework in Frameworks */,
			);
			runOnlyForDeploymentPostprocessing = 0;
		};
		7B42950E19A6982D004B6944 /* Frameworks */ = {
			isa = PBXFrameworksBuildPhase;
			buildActionMask = 2147483647;
			files = (
				7B42951319A6982D004B6944 /* XCTest.framework in Frameworks */,
				7B42951519A6982D004B6944 /* UIKit.framework in Frameworks */,
				7B42951419A6982D004B6944 /* Foundation.framework in Frameworks */,
			);
			runOnlyForDeploymentPostprocessing = 0;
		};
/* End PBXFrameworksBuildPhase section */

/* Begin PBXGroup section */
		7B4294E719A6982D004B6944 = {
			isa = PBXGroup;
			children = (
				7B4294F919A6982D004B6944 /* NuWeClientApp */,
				7B42951819A6982D004B6944 /* NuWeClientAppTests */,
				7B4294F219A6982D004B6944 /* Frameworks */,
				7B4294F119A6982D004B6944 /* Products */,
			);
			sourceTree = "<group>";
		};
		7B4294F119A6982D004B6944 /* Products */ = {
			isa = PBXGroup;
			children = (
				7B4294F019A6982D004B6944 /* NuWeClientApp.app */,
				7B42951119A6982D004B6944 /* NuWeClientAppTests.xctest */,
			);
			name = Products;
			sourceTree = "<group>";
		};
		7B4294F219A6982D004B6944 /* Frameworks */ = {
			isa = PBXGroup;
			children = (
				7B4294F319A6982D004B6944 /* Foundation.framework */,
				7B4294F519A6982D004B6944 /* CoreGraphics.framework */,
				7B4294F719A6982D004B6944 /* UIKit.framework */,
				7B42951219A6982D004B6944 /* XCTest.framework */,
			);
			name = Frameworks;
			sourceTree = "<group>";
		};
		7B4294F919A6982D004B6944 /* NuWeClientApp */ = {
			isa = PBXGroup;
			children = (
				7B42950219A6982D004B6944 /* NWAppDelegate.h */,
				7B42950319A6982D004B6944 /* NWAppDelegate.m */,
				7B42950519A6982D004B6944 /* Main.storyboard */,
				7B42950819A6982D004B6944 /* NWViewController.h */,
				7B42950919A6982D004B6944 /* NWViewController.m */,
				7B42950B19A6982D004B6944 /* Images.xcassets */,
				7B4294FA19A6982D004B6944 /* Supporting Files */,
			);
			path = NuWeClientApp;
			sourceTree = "<group>";
		};
		7B4294FA19A6982D004B6944 /* Supporting Files */ = {
			isa = PBXGroup;
			children = (
				7B4294FB19A6982D004B6944 /* NuWeClientApp-Info.plist */,
				7B4294FC19A6982D004B6944 /* InfoPlist.strings */,
				7B4294FF19A6982D004B6944 /* main.m */,
				7B42950119A6982D004B6944 /* NuWeClientApp-Prefix.pch */,
			);
			name = "Supporting Files";
			sourceTree = "<group>";
		};
		7B42951819A6982D004B6944 /* NuWeClientAppTests */ = {
			isa = PBXGroup;
			children = (
				7B42951E19A6982D004B6944 /* NuWeClientAppTests.m */,
				7B42951919A6982D004B6944 /* Supporting Files */,
			);
			path = NuWeClientAppTests;
			sourceTree = "<group>";
		};
		7B42951919A6982D004B6944 /* Supporting Files */ = {
			isa = PBXGroup;
			children = (
				7B42951A19A6982D004B6944 /* NuWeClientAppTests-Info.plist */,
				7B42951B19A6982D004B6944 /* InfoPlist.strings */,
			);
			name = "Supporting Files";
			sourceTree = "<group>";
		};
/* End PBXGroup section */

/* Begin PBXNativeTarget section */
		7B4294EF19A6982D004B6944 /* NuWeClientApp */ = {
			isa = PBXNativeTarget;
			buildConfigurationList = 7B42952219A6982D004B6944 /* Build configuration list for PBXNativeTarget "NuWeClientApp" */;
			buildPhases = (
				7B4294EC19A6982D004B6944 /* Sources */,
				7B4294ED19A6982D004B6944 /* Frameworks */,
				7B4294EE19A6982D004B6944 /* Resources */,
			);
			buildRules = (
			);
			dependencies = (
			);
			name = NuWeClientApp;
			productName = NuWeClientApp;
			productReference = 7B4294F019A6982D004B6944 /* NuWeClientApp.app */;
			productType = "com.apple.product-type.application";
		};
		7B42951019A6982D004B6944 /* NuWeClientAppTests */ = {
			isa = PBXNativeTarget;
			buildConfigurationList = 7B42952519A6982D004B6944 /* Build configuration list for PBXNativeTarget "NuWeClientAppTests" */;
			buildPhases = (
				7B42950D19A6982D004B6944 /* Sources */,
				7B42950E19A6982D004B6944 /* Frameworks */,
				7B42950F19A6982D004B6944 /* Resources */,
			);
			buildRules = (
			);
			dependencies = (
				7B42951719A6982D004B6944 /* PBXTargetDependency */,
			);
			name = NuWeClientAppTests;
			productName = NuWeClientAppTests;
			productReference = 7B42951119A6982D004B6944 /* NuWeClientAppTests.xctest */;
			productType = "com.apple.product-type.bundle.unit-test";
		};
/* End PBXNativeTarget section */

/* Begin PBXProject section */
		7B4294E819A6982D004B6944 /* Project object */ = {
			isa = PBXProject;
			attributes = {
				CLASSPREFIX = NW;
				LastUpgradeCheck = 0510;
				ORGANIZATIONNAME = "Nutribu Limited";
				TargetAttributes = {
					7B42951019A6982D004B6944 = {
						TestTargetID = 7B4294EF19A6982D004B6944;
					};
				};
			};
			buildConfigurationList = 7B4294EB19A6982D004B6944 /* Build configuration list for PBXProject "NuWeClientApp" */;
			compatibilityVersion = "Xcode 3.2";
			developmentRegion = English;
			hasScannedForEncodings = 0;
			knownRegions = (
				en,
				Base,
			);
			mainGroup = 7B4294E719A6982D004B6944;
			productRefGroup = 7B4294F119A6982D004B6944 /* Products */;
			projectDirPath = "";
			projectRoot = "";
			targets = (
				7B4294EF19A6982D004B6944 /* NuWeClientApp */,
				7B42951019A6982D004B6944 /* NuWeClientAppTests */,
			);
		};
/* End PBXProject section */

/* Begin PBXResourcesBuildPhase section */
		7B4294EE19A6982D004B6944 /* Resources */ = {
			isa = PBXResourcesBuildPhase;
			buildActionMask = 2147483647;
			files = (
				7B42950C19A6982D004B6944 /* Images.xcassets in Resources */,
				7B4294FE19A6982D004B6944 /* InfoPlist.strings in Resources */,
				7B42950719A6982D004B6944 /* Main.storyboard in Resources */,
			);
			runOnlyForDeploymentPostprocessing = 0;
		};
		7B42950F19A6982D004B6944 /* Resources */ = {
			isa = PBXResourcesBuildPhase;
			buildActionMask = 2147483647;
			files = (
				7B42951D19A6982D004B6944 /* InfoPlist.strings in Resources */,
			);
			runOnlyForDeploymentPostprocessing = 0;
		};
/* End PBXResourcesBuildPhase section */

/* Begin PBXSourcesBuildPhase section */
		7B4294EC19A6982D004B6944 /* Sources */ = {
			isa = PBXSourcesBuildPhase;
			buildActionMask = 2147483647;
			files = (
				7B42950A19A6982D004B6944 /* NWViewController.m in Sources */,
				7B42950019A6982D004B6944 /* main.m in Sources */,
				7B42950419A6982D004B6944 /* NWAppDelegate.m in Sources */,
			);
			runOnlyForDeploymentPostprocessing = 0;
		};
		7B42950D19A6982D004B6944 /* Sources */ = {
			isa = PBXSourcesBuildPhase;
			buildActionMask = 2147483647;
			files = (
				7B42951F19A6982D004B6944 /* NuWeClientAppTests.m in Sources */,
			);
			runOnlyForDeploymentPostprocessing = 0;
		};
/* End PBXSourcesBuildPhase section */

/* Begin PBXTargetDependency section */
		7B42951719A6982D004B6944 /* PBXTargetDependency */ = {
			isa = PBXTargetDependency;
			target = 7B4294EF19A6982D004B6944 /* NuWeClientApp */;
			targetProxy = 7B42951619A6982D004B6944 /* PBXContainerItemProxy */;
		};
/* End PBXTargetDependency section */

/* Begin PBXVariantGroup section */
		7B4294FC19A6982D004B6944 /* InfoPlist.strings */ = {
			isa = PBXVariantGroup;
			children = (
				7B4294FD19A6982D004B6944 /* en */,
			);
			name = InfoPlist.strings;
			sourceTree = "<group>";
		};
		7B42950519A6982D004B6944 /* Main.storyboard */ = {
			isa = PBXVariantGroup;
			children = (
				7B42950619A6982D004B6944 /* Base */,
			);
			name = Main.storyboard;
			sourceTree = "<group>";
		};
		7B42951B19A6982D004B6944 /* InfoPlist.strings */ = {
			isa = PBXVariantGroup;
			children = (
				7B42951C19A6982D004B6944 /* en */,
			);
			name = InfoPlist.strings;
			sourceTree = "<group>";
		};
/* End PBXVariantGroup section */

/* Begin XCBuildConfiguration section */
		7B42952019A6982D004B6944 /* Debug */ = {
			isa = XCBuildConfiguration;
			buildSettings = {
				ALWAYS_SEARCH_USER_PATHS = NO;
				CLANG_CXX_LANGUAGE_STANDARD = "gnu++0x";
				CLANG_CXX_LIBRARY = "libc++";
				CLANG_ENABLE_MODULES = YES;
				CLANG_ENABLE_OBJC_ARC = YES;
				CLANG_WARN_BOOL_CONVERSION = YES;
				CLANG_WARN_CONSTANT_CONVERSION = YES;
				CLANG_WARN_DIRECT_OBJC_ISA_USAGE = YES_ERROR;
				CLANG_WARN_EMPTY_BODY = YES;
				CLANG_WARN_ENUM_CONVERSION = YES;
				CLANG_WARN_INT_CONVERSION = YES;
				CLANG_WARN_OBJC_ROOT_CLASS = YES_ERROR;
				CLANG_WARN__DUPLICATE_METHOD_MATCH = YES;
				"CODE_SIGN_IDENTITY[sdk=iphoneos*]" = "iPhone Developer";
				COPY_PHASE_STRIP = NO;
				GCC_C_LANGUAGE_STANDARD = gnu99;
				GCC_DYNAMIC_NO_PIC = NO;
				GCC_OPTIMIZATION_LEVEL = 0;
				GCC_PREPROCESSOR_DEFINITIONS = (
					"DEBUG=1",
					"$(inherited)",
				);
				GCC_SYMBOLS_PRIVATE_EXTERN = NO;
				GCC_WARN_64_TO_32_BIT_CONVERSION = YES;
				GCC_WARN_ABOUT_RETURN_TYPE = YES_ERROR;
				GCC_WARN_UNDECLARED_SELECTOR = YES;
				GCC_WARN_UNINITIALIZED_AUTOS = YES_AGGRESSIVE;
				GCC_WARN_UNUSED_FUNCTION = YES;
				GCC_WARN_UNUSED_VARIABLE = YES;
				IPHONEOS_DEPLOYMENT_TARGET = 7.1;
				ONLY_ACTIVE_ARCH = YES;
				SDKROOT = iphoneos;
			};
			name = Debug;
		};
		7B42952119A6982D004B6944 /* Release */ = {
			isa = XCBuildConfiguration;
			buildSettings = {
				ALWAYS_SEARCH_USER_PATHS = NO;
				CLANG_CXX_LANGUAGE_STANDARD = "gnu++0x";
				CLANG_CXX_LIBRARY = "libc++";
				CLANG_ENABLE_MODULES = YES;
				CLANG_ENABLE_OBJC_ARC = YES;
				CLANG_WARN_BOOL_CONVERSION = YES;
				CLANG_WARN_CONSTANT_CONVERSION = YES;
				CLANG_WARN_DIRECT_OBJC_ISA_USAGE = YES_ERROR;
				CLANG_WARN_EMPTY_BODY = YES;
				CLANG_WARN_ENUM_CONVERSION = YES;
				CLANG_WARN_INT_CONVERSION = YES;
				CLANG_WARN_OBJC_ROOT_CLASS = YES_ERROR;
				CLANG_WARN__DUPLICATE_METHOD_MATCH = YES;
				"CODE_SIGN_IDENTITY[sdk=iphoneos*]" = "iPhone Developer";
				COPY_PHASE_STRIP = YES;
				ENABLE_NS_ASSERTIONS = NO;
				GCC_C_LANGUAGE_STANDARD = gnu99;
				GCC_WARN_64_TO_32_BIT_CONVERSION = YES;
				GCC_WARN_ABOUT_RETURN_TYPE = YES_ERROR;
				GCC_WARN_UNDECLARED_SELECTOR = YES;
				GCC_WARN_UNINITIALIZED_AUTOS = YES_AGGRESSIVE;
				GCC_WARN_UNUSED_FUNCTION = YES;
				GCC_WARN_UNUSED_VARIABLE = YES;
				IPHONEOS_DEPLOYMENT_TARGET = 7.1;
				SDKROOT = iphoneos;
				VALIDATE_PRODUCT = YES;
			};
			name = Release;
		};
		7B42952319A6982D004B6944 /* Debug */ = {
			isa = XCBuildConfiguration;
			buildSettings = {
				ASSETCATALOG_COMPILER_APPICON_NAME = AppIcon;
				ASSETCATALOG_COMPILER_LAUNCHIMAGE_NAME = LaunchImage;
				GCC_PRECOMPILE_PREFIX_HEADER = YES;
				GCC_PREFIX_HEADER = "NuWeClientApp/NuWeClientApp-Prefix.pch";
				INFOPLIST_FILE = "NuWeClientApp/NuWeClientApp-Info.plist";
				PRODUCT_NAME = "$(TARGET_NAME)";
				WRAPPER_EXTENSION = app;
			};
			name = Debug;
		};
		7B42952419A6982D004B6944 /* Release */ = {
			isa = XCBuildConfiguration;
			buildSettings = {
				ASSETCATALOG_COMPILER_APPICON_NAME = AppIcon;
				ASSETCATALOG_COMPILER_LAUNCHIMAGE_NAME = LaunchImage;
				GCC_PRECOMPILE_PREFIX_HEADER = YES;
				GCC_PREFIX_HEADER = "NuWeClientApp/NuWeClientApp-Prefix.pch";
				INFOPLIST_FILE = "NuWeClientApp/NuWeClientApp-Info.plist";
				PRODUCT_NAME = "$(TARGET_NAME)";
				WRAPPER_EXTENSION = app;
			};
			name = Release;
		};
		7B42952619A6982D004B6944 /* Debug */ = {
			isa = XCBuildConfiguration;
			buildSettings = {
				BUNDLE_LOADER = "$(BUILT_PRODUCTS_DIR)/NuWeClientApp.app/NuWeClientApp";
				FRAMEWORK_SEARCH_PATHS = (
					"$(SDKROOT)/Developer/Library/Frameworks",
					"$(inherited)",
					"$(DEVELOPER_FRAMEWORKS_DIR)",
				);
				GCC_PRECOMPILE_PREFIX_HEADER = YES;
				GCC_PREFIX_HEADER = "NuWeClientApp/NuWeClientApp-Prefix.pch";
				GCC_PREPROCESSOR_DEFINITIONS = (
					"DEBUG=1",
					"$(inherited)",
				);
				INFOPLIST_FILE = "NuWeClientAppTests/NuWeClientAppTests-Info.plist";
				PRODUCT_NAME = "$(TARGET_NAME)";
				TEST_HOST = "$(BUNDLE_LOADER)";
				WRAPPER_EXTENSION = xctest;
			};
			name = Debug;
		};
		7B42952719A6982D004B6944 /* Release */ = {
			isa = XCBuildConfiguration;
			buildSettings = {
				BUNDLE_LOADER = "$(BUILT_PRODUCTS_DIR)/NuWeClientApp.app/NuWeClientApp";
				FRAMEWORK_SEARCH_PATHS = (
					"$(SDKROOT)/Developer/Library/Frameworks",
					"$(inherited)",
					"$(DEVELOPER_FRAMEWORKS_DIR)",
				);
				GCC_PRECOMPILE_PREFIX_HEADER = YES;
				GCC_PREFIX_HEADER = "NuWeClientApp/NuWeClientApp-Prefix.pch";
				INFOPLIST_FILE = "NuWeClientAppTests/NuWeClientAppTests-Info.plist";
				PRODUCT_NAME = "$(TARGET_NAME)";
				TEST_HOST = "$(BUNDLE_LOADER)";
				WRAPPER_EXTENSION = xctest;
			};
			name = Release;
		};
/* End XCBuildConfiguration section */

/* Begin XCConfigurationList section */
		7B4294EB19A6982D004B6944 /* Build configuration list for PBXProject "NuWeClientApp" */ = {
			isa = XCConfigurationList;
			buildConfigurations = (
				7B42952019A6982D004B6944 /* Debug */,
				7B42952119A6982D004B6944 /* Release */,
			);
			defaultConfigurationIsVisible = 0;
			defaultConfigurationName = Release;
		};
		7B42952219A6982D004B6944 /* Build configuration list for PBXNativeTarget "NuWeClientApp" */ = {
			isa = XCConfigurationList;
			buildConfigurations = (
				7B42952319A6982D004B6944 /* Debug */,
				7B42952419A6982D004B6944 /* Release */,
			);
			defaultConfigurationIsVisible = 0;
		};
		7B42952519A6982D004B6944 /* Build configuration list for PBXNativeTarget "NuWeClientAppTests" */ = {
			isa = XCConfigurationList;
			buildConfigurations = (
				7B42952619A6982D004B6944 /* Debug */,
				7B42952719A6982D004B6944 /* Release */,
			);
			defaultConfigurationIsVisible = 0;
		};
/* End XCConfigurationList section */
	};
	rootObject = 7B4294E819A6982D004B6944 /* Project object */;
}
