// !$*UTF8*$!
{
	archiveVersion = 1;
	classes = {
	};
	objectVersion = 46;
	objects = {

/* Begin PBXBuildFile section */
		7B61A58119A649A9003F9FBE /* Foundation.framework in Frameworks */ = {isa = PBXBuildFile; fileRef = 7B61A58019A649A9003F9FBE /* Foundation.framework */; };
		7B61A58319A649A9003F9FBE /* CoreGraphics.framework in Frameworks */ = {isa = PBXBuildFile; fileRef = 7B61A58219A649A9003F9FBE /* CoreGraphics.framework */; };
		7B61A58519A649A9003F9FBE /* UIKit.framework in Frameworks */ = {isa = PBXBuildFile; fileRef = 7B61A58419A649A9003F9FBE /* UIKit.framework */; };
		7B61A58B19A649A9003F9FBE /* InfoPlist.strings in Resources */ = {isa = PBXBuildFile; fileRef = 7B61A58919A649A9003F9FBE /* InfoPlist.strings */; };
		7B61A58D19A649A9003F9FBE /* main.m in Sources */ = {isa = PBXBuildFile; fileRef = 7B61A58C19A649A9003F9FBE /* main.m */; };
		7B61A59119A649A9003F9FBE /* NWAppDelegate.m in Sources */ = {isa = PBXBuildFile; fileRef = 7B61A59019A649A9003F9FBE /* NWAppDelegate.m */; };
		7B61A59419A649A9003F9FBE /* Main.storyboard in Resources */ = {isa = PBXBuildFile; fileRef = 7B61A59219A649A9003F9FBE /* Main.storyboard */; };
		7B61A59719A649A9003F9FBE /* NWViewController.m in Sources */ = {isa = PBXBuildFile; fileRef = 7B61A59619A649A9003F9FBE /* NWViewController.m */; };
		7B61A59919A649A9003F9FBE /* Images.xcassets in Resources */ = {isa = PBXBuildFile; fileRef = 7B61A59819A649A9003F9FBE /* Images.xcassets */; };
		7B61A5A019A649A9003F9FBE /* XCTest.framework in Frameworks */ = {isa = PBXBuildFile; fileRef = 7B61A59F19A649A9003F9FBE /* XCTest.framework */; };
		7B61A5A119A649A9003F9FBE /* Foundation.framework in Frameworks */ = {isa = PBXBuildFile; fileRef = 7B61A58019A649A9003F9FBE /* Foundation.framework */; };
		7B61A5A219A649A9003F9FBE /* UIKit.framework in Frameworks */ = {isa = PBXBuildFile; fileRef = 7B61A58419A649A9003F9FBE /* UIKit.framework */; };
		7B61A5AA19A649A9003F9FBE /* InfoPlist.strings in Resources */ = {isa = PBXBuildFile; fileRef = 7B61A5A819A649A9003F9FBE /* InfoPlist.strings */; };
		7B61A5AC19A649A9003F9FBE /* NuWeDevAppTests.m in Sources */ = {isa = PBXBuildFile; fileRef = 7B61A5AB19A649A9003F9FBE /* NuWeDevAppTests.m */; };
/* End PBXBuildFile section */

/* Begin PBXContainerItemProxy section */
		7B61A5A319A649A9003F9FBE /* PBXContainerItemProxy */ = {
			isa = PBXContainerItemProxy;
			containerPortal = 7B61A57519A649A9003F9FBE /* Project object */;
			proxyType = 1;
			remoteGlobalIDString = 7B61A57C19A649A9003F9FBE;
			remoteInfo = NuWeDevApp;
		};
/* End PBXContainerItemProxy section */

/* Begin PBXFileReference section */
		7B61A57D19A649A9003F9FBE /* NuWeDevApp.app */ = {isa = PBXFileReference; explicitFileType = wrapper.application; includeInIndex = 0; path = NuWeDevApp.app; sourceTree = BUILT_PRODUCTS_DIR; };
		7B61A58019A649A9003F9FBE /* Foundation.framework */ = {isa = PBXFileReference; lastKnownFileType = wrapper.framework; name = Foundation.framework; path = System/Library/Frameworks/Foundation.framework; sourceTree = SDKROOT; };
		7B61A58219A649A9003F9FBE /* CoreGraphics.framework */ = {isa = PBXFileReference; lastKnownFileType = wrapper.framework; name = CoreGraphics.framework; path = System/Library/Frameworks/CoreGraphics.framework; sourceTree = SDKROOT; };
		7B61A58419A649A9003F9FBE /* UIKit.framework */ = {isa = PBXFileReference; lastKnownFileType = wrapper.framework; name = UIKit.framework; path = System/Library/Frameworks/UIKit.framework; sourceTree = SDKROOT; };
		7B61A58819A649A9003F9FBE /* NuWeDevApp-Info.plist */ = {isa = PBXFileReference; lastKnownFileType = text.plist.xml; path = "NuWeDevApp-Info.plist"; sourceTree = "<group>"; };
		7B61A58A19A649A9003F9FBE /* en */ = {isa = PBXFileReference; lastKnownFileType = text.plist.strings; name = en; path = en.lproj/InfoPlist.strings; sourceTree = "<group>"; };
		7B61A58C19A649A9003F9FBE /* main.m */ = {isa = PBXFileReference; lastKnownFileType = sourcecode.c.objc; path = main.m; sourceTree = "<group>"; };
		7B61A58E19A649A9003F9FBE /* NuWeDevApp-Prefix.pch */ = {isa = PBXFileReference; lastKnownFileType = sourcecode.c.h; path = "NuWeDevApp-Prefix.pch"; sourceTree = "<group>"; };
		7B61A58F19A649A9003F9FBE /* NWAppDelegate.h */ = {isa = PBXFileReference; lastKnownFileType = sourcecode.c.h; path = NWAppDelegate.h; sourceTree = "<group>"; };
		7B61A59019A649A9003F9FBE /* NWAppDelegate.m */ = {isa = PBXFileReference; lastKnownFileType = sourcecode.c.objc; path = NWAppDelegate.m; sourceTree = "<group>"; };
		7B61A59319A649A9003F9FBE /* Base */ = {isa = PBXFileReference; lastKnownFileType = file.storyboard; name = Base; path = Base.lproj/Main.storyboard; sourceTree = "<group>"; };
		7B61A59519A649A9003F9FBE /* NWViewController.h */ = {isa = PBXFileReference; lastKnownFileType = sourcecode.c.h; path = NWViewController.h; sourceTree = "<group>"; };
		7B61A59619A649A9003F9FBE /* NWViewController.m */ = {isa = PBXFileReference; lastKnownFileType = sourcecode.c.objc; path = NWViewController.m; sourceTree = "<group>"; };
		7B61A59819A649A9003F9FBE /* Images.xcassets */ = {isa = PBXFileReference; lastKnownFileType = folder.assetcatalog; path = Images.xcassets; sourceTree = "<group>"; };
		7B61A59E19A649A9003F9FBE /* NuWeDevAppTests.xctest */ = {isa = PBXFileReference; explicitFileType = wrapper.cfbundle; includeInIndex = 0; path = NuWeDevAppTests.xctest; sourceTree = BUILT_PRODUCTS_DIR; };
		7B61A59F19A649A9003F9FBE /* XCTest.framework */ = {isa = PBXFileReference; lastKnownFileType = wrapper.framework; name = XCTest.framework; path = Library/Frameworks/XCTest.framework; sourceTree = DEVELOPER_DIR; };
		7B61A5A719A649A9003F9FBE /* NuWeDevAppTests-Info.plist */ = {isa = PBXFileReference; lastKnownFileType = text.plist.xml; path = "NuWeDevAppTests-Info.plist"; sourceTree = "<group>"; };
		7B61A5A919A649A9003F9FBE /* en */ = {isa = PBXFileReference; lastKnownFileType = text.plist.strings; name = en; path = en.lproj/InfoPlist.strings; sourceTree = "<group>"; };
		7B61A5AB19A649A9003F9FBE /* NuWeDevAppTests.m */ = {isa = PBXFileReference; lastKnownFileType = sourcecode.c.objc; path = NuWeDevAppTests.m; sourceTree = "<group>"; };
/* End PBXFileReference section */

/* Begin PBXFrameworksBuildPhase section */
		7B61A57A19A649A9003F9FBE /* Frameworks */ = {
			isa = PBXFrameworksBuildPhase;
			buildActionMask = 2147483647;
			files = (
				7B61A58319A649A9003F9FBE /* CoreGraphics.framework in Frameworks */,
				7B61A58519A649A9003F9FBE /* UIKit.framework in Frameworks */,
				7B61A58119A649A9003F9FBE /* Foundation.framework in Frameworks */,
			);
			runOnlyForDeploymentPostprocessing = 0;
		};
		7B61A59B19A649A9003F9FBE /* Frameworks */ = {
			isa = PBXFrameworksBuildPhase;
			buildActionMask = 2147483647;
			files = (
				7B61A5A019A649A9003F9FBE /* XCTest.framework in Frameworks */,
				7B61A5A219A649A9003F9FBE /* UIKit.framework in Frameworks */,
				7B61A5A119A649A9003F9FBE /* Foundation.framework in Frameworks */,
			);
			runOnlyForDeploymentPostprocessing = 0;
		};
/* End PBXFrameworksBuildPhase section */

/* Begin PBXGroup section */
		7B61A57419A649A9003F9FBE = {
			isa = PBXGroup;
			children = (
				7B61A58619A649A9003F9FBE /* NuWeDevApp */,
				7B61A5A519A649A9003F9FBE /* NuWeDevAppTests */,
				7B61A57F19A649A9003F9FBE /* Frameworks */,
				7B61A57E19A649A9003F9FBE /* Products */,
			);
			sourceTree = "<group>";
		};
		7B61A57E19A649A9003F9FBE /* Products */ = {
			isa = PBXGroup;
			children = (
				7B61A57D19A649A9003F9FBE /* NuWeDevApp.app */,
				7B61A59E19A649A9003F9FBE /* NuWeDevAppTests.xctest */,
			);
			name = Products;
			sourceTree = "<group>";
		};
		7B61A57F19A649A9003F9FBE /* Frameworks */ = {
			isa = PBXGroup;
			children = (
				7B61A58019A649A9003F9FBE /* Foundation.framework */,
				7B61A58219A649A9003F9FBE /* CoreGraphics.framework */,
				7B61A58419A649A9003F9FBE /* UIKit.framework */,
				7B61A59F19A649A9003F9FBE /* XCTest.framework */,
			);
			name = Frameworks;
			sourceTree = "<group>";
		};
		7B61A58619A649A9003F9FBE /* NuWeDevApp */ = {
			isa = PBXGroup;
			children = (
				7B61A58F19A649A9003F9FBE /* NWAppDelegate.h */,
				7B61A59019A649A9003F9FBE /* NWAppDelegate.m */,
				7B61A59219A649A9003F9FBE /* Main.storyboard */,
				7B61A59519A649A9003F9FBE /* NWViewController.h */,
				7B61A59619A649A9003F9FBE /* NWViewController.m */,
				7B61A59819A649A9003F9FBE /* Images.xcassets */,
				7B61A58719A649A9003F9FBE /* Supporting Files */,
			);
			path = NuWeDevApp;
			sourceTree = "<group>";
		};
		7B61A58719A649A9003F9FBE /* Supporting Files */ = {
			isa = PBXGroup;
			children = (
				7B61A58819A649A9003F9FBE /* NuWeDevApp-Info.plist */,
				7B61A58919A649A9003F9FBE /* InfoPlist.strings */,
				7B61A58C19A649A9003F9FBE /* main.m */,
				7B61A58E19A649A9003F9FBE /* NuWeDevApp-Prefix.pch */,
			);
			name = "Supporting Files";
			sourceTree = "<group>";
		};
		7B61A5A519A649A9003F9FBE /* NuWeDevAppTests */ = {
			isa = PBXGroup;
			children = (
				7B61A5AB19A649A9003F9FBE /* NuWeDevAppTests.m */,
				7B61A5A619A649A9003F9FBE /* Supporting Files */,
			);
			path = NuWeDevAppTests;
			sourceTree = "<group>";
		};
		7B61A5A619A649A9003F9FBE /* Supporting Files */ = {
			isa = PBXGroup;
			children = (
				7B61A5A719A649A9003F9FBE /* NuWeDevAppTests-Info.plist */,
				7B61A5A819A649A9003F9FBE /* InfoPlist.strings */,
			);
			name = "Supporting Files";
			sourceTree = "<group>";
		};
/* End PBXGroup section */

/* Begin PBXNativeTarget section */
		7B61A57C19A649A9003F9FBE /* NuWeDevApp */ = {
			isa = PBXNativeTarget;
			buildConfigurationList = 7B61A5AF19A649A9003F9FBE /* Build configuration list for PBXNativeTarget "NuWeDevApp" */;
			buildPhases = (
				7B61A57919A649A9003F9FBE /* Sources */,
				7B61A57A19A649A9003F9FBE /* Frameworks */,
				7B61A57B19A649A9003F9FBE /* Resources */,
			);
			buildRules = (
			);
			dependencies = (
			);
			name = NuWeDevApp;
			productName = NuWeDevApp;
			productReference = 7B61A57D19A649A9003F9FBE /* NuWeDevApp.app */;
			productType = "com.apple.product-type.application";
		};
		7B61A59D19A649A9003F9FBE /* NuWeDevAppTests */ = {
			isa = PBXNativeTarget;
			buildConfigurationList = 7B61A5B219A649A9003F9FBE /* Build configuration list for PBXNativeTarget "NuWeDevAppTests" */;
			buildPhases = (
				7B61A59A19A649A9003F9FBE /* Sources */,
				7B61A59B19A649A9003F9FBE /* Frameworks */,
				7B61A59C19A649A9003F9FBE /* Resources */,
			);
			buildRules = (
			);
			dependencies = (
				7B61A5A419A649A9003F9FBE /* PBXTargetDependency */,
			);
			name = NuWeDevAppTests;
			productName = NuWeDevAppTests;
			productReference = 7B61A59E19A649A9003F9FBE /* NuWeDevAppTests.xctest */;
			productType = "com.apple.product-type.bundle.unit-test";
		};
/* End PBXNativeTarget section */

/* Begin PBXProject section */
		7B61A57519A649A9003F9FBE /* Project object */ = {
			isa = PBXProject;
			attributes = {
				CLASSPREFIX = NW;
				LastUpgradeCheck = 0510;
				ORGANIZATIONNAME = "Nutribu Limited";
				TargetAttributes = {
					7B61A59D19A649A9003F9FBE = {
						TestTargetID = 7B61A57C19A649A9003F9FBE;
					};
				};
			};
			buildConfigurationList = 7B61A57819A649A9003F9FBE /* Build configuration list for PBXProject "NuWeDevApp" */;
			compatibilityVersion = "Xcode 3.2";
			developmentRegion = English;
			hasScannedForEncodings = 0;
			knownRegions = (
				en,
				Base,
			);
			mainGroup = 7B61A57419A649A9003F9FBE;
			productRefGroup = 7B61A57E19A649A9003F9FBE /* Products */;
			projectDirPath = "";
			projectRoot = "";
			targets = (
				7B61A57C19A649A9003F9FBE /* NuWeDevApp */,
				7B61A59D19A649A9003F9FBE /* NuWeDevAppTests */,
			);
		};
/* End PBXProject section */

/* Begin PBXResourcesBuildPhase section */
		7B61A57B19A649A9003F9FBE /* Resources */ = {
			isa = PBXResourcesBuildPhase;
			buildActionMask = 2147483647;
			files = (
				7B61A59919A649A9003F9FBE /* Images.xcassets in Resources */,
				7B61A58B19A649A9003F9FBE /* InfoPlist.strings in Resources */,
				7B61A59419A649A9003F9FBE /* Main.storyboard in Resources */,
			);
			runOnlyForDeploymentPostprocessing = 0;
		};
		7B61A59C19A649A9003F9FBE /* Resources */ = {
			isa = PBXResourcesBuildPhase;
			buildActionMask = 2147483647;
			files = (
				7B61A5AA19A649A9003F9FBE /* InfoPlist.strings in Resources */,
			);
			runOnlyForDeploymentPostprocessing = 0;
		};
/* End PBXResourcesBuildPhase section */

/* Begin PBXSourcesBuildPhase section */
		7B61A57919A649A9003F9FBE /* Sources */ = {
			isa = PBXSourcesBuildPhase;
			buildActionMask = 2147483647;
			files = (
				7B61A59719A649A9003F9FBE /* NWViewController.m in Sources */,
				7B61A58D19A649A9003F9FBE /* main.m in Sources */,
				7B61A59119A649A9003F9FBE /* NWAppDelegate.m in Sources */,
			);
			runOnlyForDeploymentPostprocessing = 0;
		};
		7B61A59A19A649A9003F9FBE /* Sources */ = {
			isa = PBXSourcesBuildPhase;
			buildActionMask = 2147483647;
			files = (
				7B61A5AC19A649A9003F9FBE /* NuWeDevAppTests.m in Sources */,
			);
			runOnlyForDeploymentPostprocessing = 0;
		};
/* End PBXSourcesBuildPhase section */

/* Begin PBXTargetDependency section */
		7B61A5A419A649A9003F9FBE /* PBXTargetDependency */ = {
			isa = PBXTargetDependency;
			target = 7B61A57C19A649A9003F9FBE /* NuWeDevApp */;
			targetProxy = 7B61A5A319A649A9003F9FBE /* PBXContainerItemProxy */;
		};
/* End PBXTargetDependency section */

/* Begin PBXVariantGroup section */
		7B61A58919A649A9003F9FBE /* InfoPlist.strings */ = {
			isa = PBXVariantGroup;
			children = (
				7B61A58A19A649A9003F9FBE /* en */,
			);
			name = InfoPlist.strings;
			sourceTree = "<group>";
		};
		7B61A59219A649A9003F9FBE /* Main.storyboard */ = {
			isa = PBXVariantGroup;
			children = (
				7B61A59319A649A9003F9FBE /* Base */,
			);
			name = Main.storyboard;
			sourceTree = "<group>";
		};
		7B61A5A819A649A9003F9FBE /* InfoPlist.strings */ = {
			isa = PBXVariantGroup;
			children = (
				7B61A5A919A649A9003F9FBE /* en */,
			);
			name = InfoPlist.strings;
			sourceTree = "<group>";
		};
/* End PBXVariantGroup section */

/* Begin XCBuildConfiguration section */
		7B61A5AD19A649A9003F9FBE /* Debug */ = {
			isa = XCBuildConfiguration;
			buildSettings = {
				ALWAYS_SEARCH_USER_PATHS = NO;
				CLANG_CXX_LANGUAGE_STANDARD = "gnu++0x";
				CLANG_CXX_LIBRARY = "libc++";
				CLANG_ENABLE_MODULES = YES;
				CLANG_ENABLE_OBJC_ARC = YES;
				CLANG_WARN_BOOL_CONVERSION = YES;
				CLANG_WARN_CONSTANT_CONVERSION = YES;
				CLANG_WARN_DIRECT_OBJC_ISA_USAGE = YES_ERROR;
				CLANG_WARN_EMPTY_BODY = YES;
				CLANG_WARN_ENUM_CONVERSION = YES;
				CLANG_WARN_INT_CONVERSION = YES;
				CLANG_WARN_OBJC_ROOT_CLASS = YES_ERROR;
				CLANG_WARN__DUPLICATE_METHOD_MATCH = YES;
				"CODE_SIGN_IDENTITY[sdk=iphoneos*]" = "iPhone Developer";
				COPY_PHASE_STRIP = NO;
				GCC_C_LANGUAGE_STANDARD = gnu99;
				GCC_DYNAMIC_NO_PIC = NO;
				GCC_OPTIMIZATION_LEVEL = 0;
				GCC_PREPROCESSOR_DEFINITIONS = (
					"DEBUG=1",
					"$(inherited)",
				);
				GCC_SYMBOLS_PRIVATE_EXTERN = NO;
				GCC_WARN_64_TO_32_BIT_CONVERSION = YES;
				GCC_WARN_ABOUT_RETURN_TYPE = YES_ERROR;
				GCC_WARN_UNDECLARED_SELECTOR = YES;
				GCC_WARN_UNINITIALIZED_AUTOS = YES_AGGRESSIVE;
				GCC_WARN_UNUSED_FUNCTION = YES;
				GCC_WARN_UNUSED_VARIABLE = YES;
				IPHONEOS_DEPLOYMENT_TARGET = 7.1;
				ONLY_ACTIVE_ARCH = YES;
				SDKROOT = iphoneos;
			};
			name = Debug;
		};
		7B61A5AE19A649A9003F9FBE /* Release */ = {
			isa = XCBuildConfiguration;
			buildSettings = {
				ALWAYS_SEARCH_USER_PATHS = NO;
				CLANG_CXX_LANGUAGE_STANDARD = "gnu++0x";
				CLANG_CXX_LIBRARY = "libc++";
				CLANG_ENABLE_MODULES = YES;
				CLANG_ENABLE_OBJC_ARC = YES;
				CLANG_WARN_BOOL_CONVERSION = YES;
				CLANG_WARN_CONSTANT_CONVERSION = YES;
				CLANG_WARN_DIRECT_OBJC_ISA_USAGE = YES_ERROR;
				CLANG_WARN_EMPTY_BODY = YES;
				CLANG_WARN_ENUM_CONVERSION = YES;
				CLANG_WARN_INT_CONVERSION = YES;
				CLANG_WARN_OBJC_ROOT_CLASS = YES_ERROR;
				CLANG_WARN__DUPLICATE_METHOD_MATCH = YES;
				"CODE_SIGN_IDENTITY[sdk=iphoneos*]" = "iPhone Developer";
				COPY_PHASE_STRIP = YES;
				ENABLE_NS_ASSERTIONS = NO;
				GCC_C_LANGUAGE_STANDARD = gnu99;
				GCC_WARN_64_TO_32_BIT_CONVERSION = YES;
				GCC_WARN_ABOUT_RETURN_TYPE = YES_ERROR;
				GCC_WARN_UNDECLARED_SELECTOR = YES;
				GCC_WARN_UNINITIALIZED_AUTOS = YES_AGGRESSIVE;
				GCC_WARN_UNUSED_FUNCTION = YES;
				GCC_WARN_UNUSED_VARIABLE = YES;
				IPHONEOS_DEPLOYMENT_TARGET = 7.1;
				SDKROOT = iphoneos;
				VALIDATE_PRODUCT = YES;
			};
			name = Release;
		};
		7B61A5B019A649A9003F9FBE /* Debug */ = {
			isa = XCBuildConfiguration;
			buildSettings = {
				ASSETCATALOG_COMPILER_APPICON_NAME = AppIcon;
				ASSETCATALOG_COMPILER_LAUNCHIMAGE_NAME = LaunchImage;
				GCC_PRECOMPILE_PREFIX_HEADER = YES;
				GCC_PREFIX_HEADER = "NuWeDevApp/NuWeDevApp-Prefix.pch";
				INFOPLIST_FILE = "NuWeDevApp/NuWeDevApp-Info.plist";
				PRODUCT_NAME = "$(TARGET_NAME)";
				WRAPPER_EXTENSION = app;
			};
			name = Debug;
		};
		7B61A5B119A649A9003F9FBE /* Release */ = {
			isa = XCBuildConfiguration;
			buildSettings = {
				ASSETCATALOG_COMPILER_APPICON_NAME = AppIcon;
				ASSETCATALOG_COMPILER_LAUNCHIMAGE_NAME = LaunchImage;
				GCC_PRECOMPILE_PREFIX_HEADER = YES;
				GCC_PREFIX_HEADER = "NuWeDevApp/NuWeDevApp-Prefix.pch";
				INFOPLIST_FILE = "NuWeDevApp/NuWeDevApp-Info.plist";
				PRODUCT_NAME = "$(TARGET_NAME)";
				WRAPPER_EXTENSION = app;
			};
			name = Release;
		};
		7B61A5B319A649A9003F9FBE /* Debug */ = {
			isa = XCBuildConfiguration;
			buildSettings = {
				BUNDLE_LOADER = "$(BUILT_PRODUCTS_DIR)/NuWeDevApp.app/NuWeDevApp";
				FRAMEWORK_SEARCH_PATHS = (
					"$(SDKROOT)/Developer/Library/Frameworks",
					"$(inherited)",
					"$(DEVELOPER_FRAMEWORKS_DIR)",
				);
				GCC_PRECOMPILE_PREFIX_HEADER = YES;
				GCC_PREFIX_HEADER = "NuWeDevApp/NuWeDevApp-Prefix.pch";
				GCC_PREPROCESSOR_DEFINITIONS = (
					"DEBUG=1",
					"$(inherited)",
				);
				INFOPLIST_FILE = "NuWeDevAppTests/NuWeDevAppTests-Info.plist";
				PRODUCT_NAME = "$(TARGET_NAME)";
				TEST_HOST = "$(BUNDLE_LOADER)";
				WRAPPER_EXTENSION = xctest;
			};
			name = Debug;
		};
		7B61A5B419A649A9003F9FBE /* Release */ = {
			isa = XCBuildConfiguration;
			buildSettings = {
				BUNDLE_LOADER = "$(BUILT_PRODUCTS_DIR)/NuWeDevApp.app/NuWeDevApp";
				FRAMEWORK_SEARCH_PATHS = (
					"$(SDKROOT)/Developer/Library/Frameworks",
					"$(inherited)",
					"$(DEVELOPER_FRAMEWORKS_DIR)",
				);
				GCC_PRECOMPILE_PREFIX_HEADER = YES;
				GCC_PREFIX_HEADER = "NuWeDevApp/NuWeDevApp-Prefix.pch";
				INFOPLIST_FILE = "NuWeDevAppTests/NuWeDevAppTests-Info.plist";
				PRODUCT_NAME = "$(TARGET_NAME)";
				TEST_HOST = "$(BUNDLE_LOADER)";
				WRAPPER_EXTENSION = xctest;
			};
			name = Release;
		};
/* End XCBuildConfiguration section */

/* Begin XCConfigurationList section */
		7B61A57819A649A9003F9FBE /* Build configuration list for PBXProject "NuWeDevApp" */ = {
			isa = XCConfigurationList;
			buildConfigurations = (
				7B61A5AD19A649A9003F9FBE /* Debug */,
				7B61A5AE19A649A9003F9FBE /* Release */,
			);
			defaultConfigurationIsVisible = 0;
			defaultConfigurationName = Release;
		};
		7B61A5AF19A649A9003F9FBE /* Build configuration list for PBXNativeTarget "NuWeDevApp" */ = {
			isa = XCConfigurationList;
			buildConfigurations = (
				7B61A5B019A649A9003F9FBE /* Debug */,
				7B61A5B119A649A9003F9FBE /* Release */,
			);
			defaultConfigurationIsVisible = 0;
		};
		7B61A5B219A649A9003F9FBE /* Build configuration list for PBXNativeTarget "NuWeDevAppTests" */ = {
			isa = XCConfigurationList;
			buildConfigurations = (
				7B61A5B319A649A9003F9FBE /* Debug */,
				7B61A5B419A649A9003F9FBE /* Release */,
			);
			defaultConfigurationIsVisible = 0;
		};
/* End XCConfigurationList section */
	};
	rootObject = 7B61A57519A649A9003F9FBE /* Project object */;
}
